{
    "version": 3,
    "terraform_version": "0.11.8",
    "serial": 9,
    "lineage": "f77e9f23-9395-9018-192e-3feb6a3514ab",
    "modules": [
        {
            "path": [
                "root"
            ],
            "outputs": {},
            "resources": {
                "azurerm_lb.development": {
                    "type": "azurerm_lb",
                    "depends_on": [
                        "azurerm_public_ip.development",
                        "azurerm_resource_group.development"
                    ],
                    "primary": {
                        "id": "/subscriptions/a265068d-a38b-40a9-8c88-fb7158ccda23/resourceGroups/devs/providers/Microsoft.Network/loadBalancers/lbdevelopment",
                        "attributes": {
                            "frontend_ip_configuration.#": "1",
                            "frontend_ip_configuration.0.inbound_nat_rules.#": "1",
                            "frontend_ip_configuration.0.inbound_nat_rules.1554578458": "/subscriptions/a265068d-a38b-40a9-8c88-fb7158ccda23/resourceGroups/devs/providers/Microsoft.Network/loadBalancers/lbdevelopment/inboundNatRules/ssh.1",
                            "frontend_ip_configuration.0.load_balancer_rules.#": "0",
                            "frontend_ip_configuration.0.name": "PublicIPAddress",
                            "frontend_ip_configuration.0.private_ip_address": "",
                            "frontend_ip_configuration.0.private_ip_address_allocation": "Dynamic",
                            "frontend_ip_configuration.0.public_ip_address_id": "/subscriptions/a265068d-a38b-40a9-8c88-fb7158ccda23/resourceGroups/devs/providers/Microsoft.Network/publicIPAddresses/IPtest",
                            "frontend_ip_configuration.0.subnet_id": "",
                            "frontend_ip_configuration.0.zones.#": "0",
                            "id": "/subscriptions/a265068d-a38b-40a9-8c88-fb7158ccda23/resourceGroups/devs/providers/Microsoft.Network/loadBalancers/lbdevelopment",
                            "location": "southcentralus",
                            "name": "lbdevelopment",
                            "private_ip_address": "",
                            "private_ip_addresses.#": "0",
                            "resource_group_name": "devs",
                            "sku": "Basic",
                            "tags.%": "0"
                        },
                        "meta": {},
                        "tainted": false
                    },
                    "deposed": [],
                    "provider": "provider.azurerm"
                },
                "azurerm_lb_backend_address_pool.bpepool": {
                    "type": "azurerm_lb_backend_address_pool",
                    "depends_on": [
                        "azurerm_lb.development",
                        "azurerm_resource_group.development"
                    ],
                    "primary": {
                        "id": "/subscriptions/a265068d-a38b-40a9-8c88-fb7158ccda23/resourceGroups/devs/providers/Microsoft.Network/loadBalancers/lbdevelopment/backendAddressPools/BackEndAddressPool",
                        "attributes": {
                            "backend_ip_configurations.#": "1",
                            "backend_ip_configurations.2417166615": "/subscriptions/a265068d-a38b-40a9-8c88-fb7158ccda23/resourceGroups/devs/providers/Microsoft.Compute/virtualMachineScaleSets/tfscaleset/virtualMachines/1/networkInterfaces/terraformnetworkprofile/ipConfigurations/developmentIPConfiguration",
                            "id": "/subscriptions/a265068d-a38b-40a9-8c88-fb7158ccda23/resourceGroups/devs/providers/Microsoft.Network/loadBalancers/lbdevelopment/backendAddressPools/BackEndAddressPool",
                            "load_balancing_rules.#": "0",
                            "loadbalancer_id": "/subscriptions/a265068d-a38b-40a9-8c88-fb7158ccda23/resourceGroups/devs/providers/Microsoft.Network/loadBalancers/lbdevelopment",
                            "name": "BackEndAddressPool",
                            "resource_group_name": "devs"
                        },
                        "meta": {},
                        "tainted": false
                    },
                    "deposed": [],
                    "provider": "provider.azurerm"
                },
                "azurerm_lb_nat_pool.lbnatpool.0": {
                    "type": "azurerm_lb_nat_pool",
                    "depends_on": [
                        "azurerm_lb.development",
                        "azurerm_resource_group.development"
                    ],
                    "primary": {
                        "id": "/subscriptions/a265068d-a38b-40a9-8c88-fb7158ccda23/resourceGroups/devs/providers/Microsoft.Network/loadBalancers/lbdevelopment/inboundNatPools/ssh",
                        "attributes": {
                            "backend_port": "3389",
                            "frontend_ip_configuration_id": "/subscriptions/a265068d-a38b-40a9-8c88-fb7158ccda23/resourceGroups/devs/providers/Microsoft.Network/loadBalancers/lbdevelopment/frontendIPConfigurations/PublicIPAddress",
                            "frontend_ip_configuration_name": "PublicIPAddress",
                            "frontend_port_end": "50119",
                            "frontend_port_start": "50000",
                            "id": "/subscriptions/a265068d-a38b-40a9-8c88-fb7158ccda23/resourceGroups/devs/providers/Microsoft.Network/loadBalancers/lbdevelopment/inboundNatPools/ssh",
                            "loadbalancer_id": "/subscriptions/a265068d-a38b-40a9-8c88-fb7158ccda23/resourceGroups/devs/providers/Microsoft.Network/loadBalancers/lbdevelopment",
                            "name": "ssh",
                            "protocol": "Tcp",
                            "resource_group_name": "devs"
                        },
                        "meta": {},
                        "tainted": false
                    },
                    "deposed": [],
                    "provider": "provider.azurerm"
                },
                "azurerm_lb_nat_pool.lbnatpool.1": {
                    "type": "azurerm_lb_nat_pool",
                    "depends_on": [
                        "azurerm_lb.development",
                        "azurerm_resource_group.development"
                    ],
                    "primary": {
                        "id": "/subscriptions/a265068d-a38b-40a9-8c88-fb7158ccda23/resourceGroups/devs/providers/Microsoft.Network/loadBalancers/lbdevelopment/inboundNatPools/ssh",
                        "attributes": {
                            "backend_port": "3389",
                            "frontend_ip_configuration_id": "/subscriptions/a265068d-a38b-40a9-8c88-fb7158ccda23/resourceGroups/devs/providers/Microsoft.Network/loadBalancers/lbdevelopment/frontendIPConfigurations/PublicIPAddress",
                            "frontend_ip_configuration_name": "PublicIPAddress",
                            "frontend_port_end": "50119",
                            "frontend_port_start": "50000",
                            "id": "/subscriptions/a265068d-a38b-40a9-8c88-fb7158ccda23/resourceGroups/devs/providers/Microsoft.Network/loadBalancers/lbdevelopment/inboundNatPools/ssh",
                            "loadbalancer_id": "/subscriptions/a265068d-a38b-40a9-8c88-fb7158ccda23/resourceGroups/devs/providers/Microsoft.Network/loadBalancers/lbdevelopment",
                            "name": "ssh",
                            "protocol": "Tcp",
                            "resource_group_name": "devs"
                        },
                        "meta": {},
                        "tainted": false
                    },
                    "deposed": [],
                    "provider": "provider.azurerm"
                },
                "azurerm_lb_nat_pool.lbnatpool.2": {
                    "type": "azurerm_lb_nat_pool",
                    "depends_on": [
                        "azurerm_lb.development",
                        "azurerm_resource_group.development"
                    ],
                    "primary": {
                        "id": "/subscriptions/a265068d-a38b-40a9-8c88-fb7158ccda23/resourceGroups/devs/providers/Microsoft.Network/loadBalancers/lbdevelopment/inboundNatPools/ssh",
                        "attributes": {
                            "backend_port": "3389",
                            "frontend_ip_configuration_id": "/subscriptions/a265068d-a38b-40a9-8c88-fb7158ccda23/resourceGroups/devs/providers/Microsoft.Network/loadBalancers/lbdevelopment/frontendIPConfigurations/PublicIPAddress",
                            "frontend_ip_configuration_name": "PublicIPAddress",
                            "frontend_port_end": "50119",
                            "frontend_port_start": "50000",
                            "id": "/subscriptions/a265068d-a38b-40a9-8c88-fb7158ccda23/resourceGroups/devs/providers/Microsoft.Network/loadBalancers/lbdevelopment/inboundNatPools/ssh",
                            "loadbalancer_id": "/subscriptions/a265068d-a38b-40a9-8c88-fb7158ccda23/resourceGroups/devs/providers/Microsoft.Network/loadBalancers/lbdevelopment",
                            "name": "ssh",
                            "protocol": "Tcp",
                            "resource_group_name": "devs"
                        },
                        "meta": {},
                        "tainted": false
                    },
                    "deposed": [],
                    "provider": "provider.azurerm"
                },
                "azurerm_mysql_database.db": {
                    "type": "azurerm_mysql_database",
                    "depends_on": [
                        "azurerm_mysql_server.db",
                        "azurerm_resource_group.development"
                    ],
                    "primary": {
                        "id": "/subscriptions/a265068d-a38b-40a9-8c88-fb7158ccda23/resourceGroups/devs/providers/Microsoft.DBforMySQL/servers/myazuresqlserver2/databases/testdb",
                        "attributes": {
                            "charset": "utf8",
                            "collation": "utf8_unicode_ci",
                            "id": "/subscriptions/a265068d-a38b-40a9-8c88-fb7158ccda23/resourceGroups/devs/providers/Microsoft.DBforMySQL/servers/myazuresqlserver2/databases/testdb",
                            "name": "testdb",
                            "resource_group_name": "devs",
                            "server_name": "myazuresqlserver2"
                        },
                        "meta": {},
                        "tainted": false
                    },
                    "deposed": [],
                    "provider": "provider.azurerm"
                },
                "azurerm_mysql_server.db": {
                    "type": "azurerm_mysql_server",
                    "depends_on": [
                        "azurerm_resource_group.development"
                    ],
                    "primary": {
                        "id": "/subscriptions/a265068d-a38b-40a9-8c88-fb7158ccda23/resourceGroups/devs/providers/Microsoft.DBforMySQL/servers/myazuresqlserver2",
                        "attributes": {
                            "administrator_login": "mysqladminun",
                            "administrator_login_password": "H@Sh1CoR3!",
                            "fqdn": "myazuresqlserver2.mysql.database.azure.com",
                            "id": "/subscriptions/a265068d-a38b-40a9-8c88-fb7158ccda23/resourceGroups/devs/providers/Microsoft.DBforMySQL/servers/myazuresqlserver2",
                            "location": "southcentralus",
                            "name": "myazuresqlserver2",
                            "resource_group_name": "devs",
                            "sku.#": "1",
                            "sku.0.capacity": "1",
                            "sku.0.family": "Gen4",
                            "sku.0.name": "B_Gen4_1",
                            "sku.0.tier": "Basic",
                            "ssl_enforcement": "Disabled",
                            "storage_profile.#": "1",
                            "storage_profile.0.backup_retention_days": "7",
                            "storage_profile.0.geo_redundant_backup": "Disabled",
                            "storage_profile.0.storage_mb": "5120",
                            "tags.%": "0",
                            "version": "5.7"
                        },
                        "meta": {},
                        "tainted": false
                    },
                    "deposed": [],
                    "provider": "provider.azurerm"
                },
                "azurerm_network_security_group.development": {
                    "type": "azurerm_network_security_group",
                    "depends_on": [],
                    "primary": {
                        "id": "/subscriptions/a265068d-a38b-40a9-8c88-fb7158ccda23/resourceGroups/devs/providers/Microsoft.Network/networkSecurityGroups/nsgdevelopment",
                        "attributes": {
                            "id": "/subscriptions/a265068d-a38b-40a9-8c88-fb7158ccda23/resourceGroups/devs/providers/Microsoft.Network/networkSecurityGroups/nsgdevelopment",
                            "location": "southcentralus",
                            "name": "nsgdevelopment",
                            "resource_group_name": "devs",
                            "security_rule.#": "2",
                            "security_rule.1659625176.access": "Allow",
                            "security_rule.1659625176.description": "",
                            "security_rule.1659625176.destination_address_prefix": "*",
                            "security_rule.1659625176.destination_address_prefixes.#": "0",
                            "security_rule.1659625176.destination_application_security_group_ids.#": "0",
                            "security_rule.1659625176.destination_port_range": "443",
                            "security_rule.1659625176.destination_port_ranges.#": "0",
                            "security_rule.1659625176.direction": "Inbound",
                            "security_rule.1659625176.name": "allowport443",
                            "security_rule.1659625176.priority": "110",
                            "security_rule.1659625176.protocol": "Tcp",
                            "security_rule.1659625176.source_address_prefix": "",
                            "security_rule.1659625176.source_address_prefixes.#": "2",
                            "security_rule.1659625176.source_address_prefixes.1891469449": "200.31.15.232/29",
                            "security_rule.1659625176.source_address_prefixes.795631558": "190.248.23.200/29",
                            "security_rule.1659625176.source_application_security_group_ids.#": "0",
                            "security_rule.1659625176.source_port_range": "*",
                            "security_rule.1659625176.source_port_ranges.#": "0",
                            "security_rule.2935183878.access": "Allow",
                            "security_rule.2935183878.description": "",
                            "security_rule.2935183878.destination_address_prefix": "*",
                            "security_rule.2935183878.destination_address_prefixes.#": "0",
                            "security_rule.2935183878.destination_application_security_group_ids.#": "0",
                            "security_rule.2935183878.destination_port_range": "80",
                            "security_rule.2935183878.destination_port_ranges.#": "0",
                            "security_rule.2935183878.direction": "Inbound",
                            "security_rule.2935183878.name": "test123",
                            "security_rule.2935183878.priority": "100",
                            "security_rule.2935183878.protocol": "Tcp",
                            "security_rule.2935183878.source_address_prefix": "",
                            "security_rule.2935183878.source_address_prefixes.#": "2",
                            "security_rule.2935183878.source_address_prefixes.1891469449": "200.31.15.232/29",
                            "security_rule.2935183878.source_address_prefixes.795631558": "190.248.23.200/29",
                            "security_rule.2935183878.source_application_security_group_ids.#": "0",
                            "security_rule.2935183878.source_port_range": "*",
                            "security_rule.2935183878.source_port_ranges.#": "0",
                            "tags.%": "0"
                        },
                        "meta": {},
                        "tainted": false
                    },
                    "deposed": [],
                    "provider": "provider.azurerm"
                },
                "azurerm_public_ip.development": {
                    "type": "azurerm_public_ip",
                    "depends_on": [
                        "azurerm_resource_group.development"
                    ],
                    "primary": {
                        "id": "/subscriptions/a265068d-a38b-40a9-8c88-fb7158ccda23/resourceGroups/devs/providers/Microsoft.Network/publicIPAddresses/IPtest",
                        "attributes": {
                            "id": "/subscriptions/a265068d-a38b-40a9-8c88-fb7158ccda23/resourceGroups/devs/providers/Microsoft.Network/publicIPAddresses/IPtest",
                            "ip_address": "40.74.243.111",
                            "location": "southcentralus",
                            "name": "IPtest",
                            "public_ip_address_allocation": "static",
                            "resource_group_name": "devs",
                            "sku": "Basic",
                            "tags.%": "0",
                            "zones.#": "0"
                        },
                        "meta": {},
                        "tainted": false
                    },
                    "deposed": [],
                    "provider": "provider.azurerm"
                },
                "azurerm_resource_group.development": {
                    "type": "azurerm_resource_group",
                    "depends_on": [],
                    "primary": {
                        "id": "/subscriptions/a265068d-a38b-40a9-8c88-fb7158ccda23/resourceGroups/devs",
                        "attributes": {
                            "id": "/subscriptions/a265068d-a38b-40a9-8c88-fb7158ccda23/resourceGroups/devs",
                            "location": "southcentralus",
                            "name": "devs",
                            "tags.%": "0"
                        },
                        "meta": {},
                        "tainted": false
                    },
                    "deposed": [],
                    "provider": "provider.azurerm"
                },
                "azurerm_subnet.development": {
                    "type": "azurerm_subnet",
                    "depends_on": [
                        "azurerm_resource_group.development",
                        "azurerm_virtual_network.development"
                    ],
                    "primary": {
                        "id": "/subscriptions/a265068d-a38b-40a9-8c88-fb7158ccda23/resourceGroups/devs/providers/Microsoft.Network/virtualNetworks/developmentNetwork/subnets/subnet1",
                        "attributes": {
                            "address_prefix": "10.0.2.0/24",
                            "id": "/subscriptions/a265068d-a38b-40a9-8c88-fb7158ccda23/resourceGroups/devs/providers/Microsoft.Network/virtualNetworks/developmentNetwork/subnets/subnet1",
                            "ip_configurations.#": "1",
                            "ip_configurations.2417166615": "/subscriptions/a265068d-a38b-40a9-8c88-fb7158ccda23/resourceGroups/devs/providers/Microsoft.Compute/virtualMachineScaleSets/tfscaleset/virtualMachines/1/networkInterfaces/terraformnetworkprofile/ipConfigurations/developmentIPConfiguration",
                            "name": "subnet1",
                            "resource_group_name": "devs",
                            "service_endpoints.#": "0",
                            "virtual_network_name": "developmentNetwork"
                        },
                        "meta": {},
                        "tainted": false
                    },
                    "deposed": [],
                    "provider": "provider.azurerm"
                },
                "azurerm_virtual_machine_scale_set.development": {
                    "type": "azurerm_virtual_machine_scale_set",
                    "depends_on": [
                        "azurerm_lb_backend_address_pool.bpepool",
                        "azurerm_lb_nat_pool.lbnatpool.*",
                        "azurerm_subnet.development"
                    ],
                    "primary": {
                        "id": "/subscriptions/a265068d-a38b-40a9-8c88-fb7158ccda23/resourceGroups/devs/providers/Microsoft.Compute/virtualMachineScaleSets/tfscaleset",
                        "attributes": {
                            "extension.#": "0",
                            "id": "/subscriptions/a265068d-a38b-40a9-8c88-fb7158ccda23/resourceGroups/devs/providers/Microsoft.Compute/virtualMachineScaleSets/tfscaleset",
                            "identity.#": "0",
                            "license_type": "",
                            "location": "southcentralus",
                            "name": "tfscaleset",
                            "network_profile.#": "1",
                            "network_profile.1942349404.accelerated_networking": "false",
                            "network_profile.1942349404.dns_settings.#": "1",
                            "network_profile.1942349404.dns_settings.0.dns_servers.#": "0",
                            "network_profile.1942349404.ip_configuration.#": "1",
                            "network_profile.1942349404.ip_configuration.0.application_gateway_backend_address_pool_ids.#": "0",
                            "network_profile.1942349404.ip_configuration.0.load_balancer_backend_address_pool_ids.#": "1",
                            "network_profile.1942349404.ip_configuration.0.load_balancer_backend_address_pool_ids.3336258111": "/subscriptions/a265068d-a38b-40a9-8c88-fb7158ccda23/resourceGroups/devs/providers/Microsoft.Network/loadBalancers/lbdevelopment/backendAddressPools/BackEndAddressPool",
                            "network_profile.1942349404.ip_configuration.0.load_balancer_inbound_nat_rules_ids.#": "1",
                            "network_profile.1942349404.ip_configuration.0.load_balancer_inbound_nat_rules_ids.657644836": "/subscriptions/a265068d-a38b-40a9-8c88-fb7158ccda23/resourceGroups/devs/providers/Microsoft.Network/loadBalancers/lbdevelopment/inboundNatPools/ssh",
                            "network_profile.1942349404.ip_configuration.0.name": "developmentIPConfiguration",
                            "network_profile.1942349404.ip_configuration.0.primary": "false",
                            "network_profile.1942349404.ip_configuration.0.public_ip_address_configuration.#": "0",
                            "network_profile.1942349404.ip_configuration.0.subnet_id": "/subscriptions/a265068d-a38b-40a9-8c88-fb7158ccda23/resourceGroups/devs/providers/Microsoft.Network/virtualNetworks/developmentNetwork/subnets/subnet1",
                            "network_profile.1942349404.ip_forwarding": "false",
                            "network_profile.1942349404.name": "terraformnetworkprofile",
                            "network_profile.1942349404.network_security_group_id": "",
                            "network_profile.1942349404.primary": "true",
                            "os_profile.#": "1",
                            "os_profile.0.admin_password": "Empanada@1k!",
                            "os_profile.0.admin_username": "laurad",
                            "os_profile.0.computer_name_prefix": "devvm",
                            "os_profile.0.custom_data": "",
                            "os_profile_linux_config.#": "0",
                            "os_profile_secrets.#": "0",
                            "os_profile_windows_config.#": "1",
                            "os_profile_windows_config.2256145325.additional_unattend_config.#": "0",
                            "os_profile_windows_config.2256145325.enable_automatic_upgrades": "true",
                            "os_profile_windows_config.2256145325.provision_vm_agent": "true",
                            "os_profile_windows_config.2256145325.winrm.#": "0",
                            "overprovision": "true",
                            "priority": "",
                            "resource_group_name": "devs",
                            "single_placement_group": "true",
                            "sku.#": "1",
                            "sku.0.capacity": "1",
                            "sku.0.name": "Standard_DS1_v2",
                            "sku.0.tier": "Standard",
                            "storage_profile_data_disk.#": "1",
                            "storage_profile_data_disk.0.caching": "ReadWrite",
                            "storage_profile_data_disk.0.create_option": "Empty",
                            "storage_profile_data_disk.0.disk_size_gb": "10",
                            "storage_profile_data_disk.0.lun": "0",
                            "storage_profile_data_disk.0.managed_disk_type": "Standard_LRS",
                            "storage_profile_image_reference.#": "1",
                            "storage_profile_image_reference.1779229488.id": "",
                            "storage_profile_image_reference.1779229488.offer": "WindowsServer",
                            "storage_profile_image_reference.1779229488.publisher": "MicrosoftWindowsServer",
                            "storage_profile_image_reference.1779229488.sku": "2016-Datacenter",
                            "storage_profile_image_reference.1779229488.version": "latest",
                            "storage_profile_os_disk.#": "1",
                            "storage_profile_os_disk.1497306818.caching": "ReadWrite",
                            "storage_profile_os_disk.1497306818.create_option": "FromImage",
                            "storage_profile_os_disk.1497306818.image": "",
                            "storage_profile_os_disk.1497306818.managed_disk_type": "Standard_LRS",
                            "storage_profile_os_disk.1497306818.name": "",
                            "storage_profile_os_disk.1497306818.os_type": "",
                            "storage_profile_os_disk.1497306818.vhd_containers.#": "0",
                            "tags.%": "0",
                            "upgrade_policy_mode": "Manual",
                            "zones.#": "0"
                        },
                        "meta": {},
                        "tainted": false
                    },
                    "deposed": [],
                    "provider": "provider.azurerm"
                },
                "azurerm_virtual_network.development": {
                    "type": "azurerm_virtual_network",
                    "depends_on": [
                        "azurerm_resource_group.development"
                    ],
                    "primary": {
                        "id": "/subscriptions/a265068d-a38b-40a9-8c88-fb7158ccda23/resourceGroups/devs/providers/Microsoft.Network/virtualNetworks/developmentNetwork",
                        "attributes": {
                            "address_space.#": "1",
                            "address_space.0": "10.0.0.0/16",
                            "dns_servers.#": "0",
                            "id": "/subscriptions/a265068d-a38b-40a9-8c88-fb7158ccda23/resourceGroups/devs/providers/Microsoft.Network/virtualNetworks/developmentNetwork",
                            "location": "southcentralus",
                            "name": "developmentNetwork",
                            "resource_group_name": "devs",
                            "subnet.#": "1",
                            "subnet.3509251269.address_prefix": "10.0.2.0/24",
                            "subnet.3509251269.name": "subnet1",
                            "subnet.3509251269.security_group": "",
                            "tags.%": "0"
                        },
                        "meta": {},
                        "tainted": false
                    },
                    "deposed": [],
                    "provider": "provider.azurerm"
                }
            },
            "depends_on": []
        }
    ]
}
